
Microsoft Visual Studio Solution File, Format Version 12.00
# Visual Studio Version 18
VisualStudioVersion = 18.4.11620.152
MinimumVisualStudioVersion = 10.0.40219.1
Project("{FAE04EC0-301F-11D3-BF4B-00C04F79EFBC}") = "BentoLab", "Projekat\BentoLab.csproj", "{964BDE6B-FA0D-182F-253F-AEC875C44414}"
EndProject
Global
	GlobalSection(SolutionConfigurationPlatforms) = preSolution
		Debug|Any CPU = Debug|Any CPU
		Release|Any CPU = Release|Any CPU
	EndGlobalSection
	GlobalSection(ProjectConfigurationPlatforms) = postSolution
		{964BDE6B-FA0D-182F-253F-AEC875C44414}.Debug|Any CPU.ActiveCfg = Debug|Any CPU
		{964BDE6B-FA0D-182F-253F-AEC875C44414}.Debug|Any CPU.Build.0 = Debug|Any CPU
		{964BDE6B-FA0D-182F-253F-AEC875C44414}.Release|Any CPU.ActiveCfg = Release|Any CPU
		{964BDE6B-FA0D-182F-253F-AEC875C44414}.Release|Any CPU.Build.0 = Release|Any CPU
	EndGlobalSection
	GlobalSection(SolutionProperties) = preSolution
		HideSolutionNode = FALSE
	EndGlobalSection
	GlobalSection(ExtensibilityGlobals) = postSolution
		SolutionGuid = {B436EE05-BB0A-4EE3-BA3D-17A8C3910CE0}
	EndGlobalSection
EndGlobal
